// !$*UTF8*$!
{
	archiveVersion = 1;
	classes = {
	};
	objectVersion = 46;
	objects = {

/* Begin PBXBuildFile section */
		164544841DC0D43A00501EB3 /* AppDelegate.swift in Sources */ = {isa = PBXBuildFile; fileRef = 164544831DC0D43A00501EB3 /* AppDelegate.swift */; };
		164544861DC0D43A00501EB3 /* HomeViewController.swift in Sources */ = {isa = PBXBuildFile; fileRef = 164544851DC0D43A00501EB3 /* HomeViewController.swift */; };
		164544891DC0D43A00501EB3 /* Main.storyboard in Resources */ = {isa = PBXBuildFile; fileRef = 164544871DC0D43A00501EB3 /* Main.storyboard */; };
		1645448B1DC0D43A00501EB3 /* Assets.xcassets in Resources */ = {isa = PBXBuildFile; fileRef = 1645448A1DC0D43A00501EB3 /* Assets.xcassets */; };
		1645448E1DC0D43A00501EB3 /* LaunchScreen.storyboard in Resources */ = {isa = PBXBuildFile; fileRef = 1645448C1DC0D43A00501EB3 /* LaunchScreen.storyboard */; };
		164544971DC0D4DE00501EB3 /* SYWireframe.framework in Frameworks */ = {isa = PBXBuildFile; fileRef = 164544961DC0D4DE00501EB3 /* SYWireframe.framework */; };
		168692111DC2FC8F00E4AF56 /* WireframeTransition.swift in Sources */ = {isa = PBXBuildFile; fileRef = 168692101DC2FC8F00E4AF56 /* WireframeTransition.swift */; };
		1695F4811DC1FCBA0025278C /* Wireframe.swift in Sources */ = {isa = PBXBuildFile; fileRef = 1695F4801DC1FCBA0025278C /* Wireframe.swift */; };
		1695F4831DC1FD1F0025278C /* Wireframe.plist in Resources */ = {isa = PBXBuildFile; fileRef = 1695F4821DC1FD1F0025278C /* Wireframe.plist */; };
		1695F4911DC206070025278C /* SellerViewController.xib in Resources */ = {isa = PBXBuildFile; fileRef = 1695F4901DC206070025278C /* SellerViewController.xib */; };
		1695F4931DC206190025278C /* SellerViewController.swift in Sources */ = {isa = PBXBuildFile; fileRef = 1695F4921DC206190025278C /* SellerViewController.swift */; };
		1695F4951DC206250025278C /* ProductViewController.swift in Sources */ = {isa = PBXBuildFile; fileRef = 1695F4941DC206250025278C /* ProductViewController.swift */; };
/* End PBXBuildFile section */

/* Begin PBXFileReference section */
		164544801DC0D43A00501EB3 /* Example-iOS.app */ = {isa = PBXFileReference; explicitFileType = wrapper.application; includeInIndex = 0; path = "Example-iOS.app"; sourceTree = BUILT_PRODUCTS_DIR; };
		164544831DC0D43A00501EB3 /* AppDelegate.swift */ = {isa = PBXFileReference; lastKnownFileType = sourcecode.swift; path = AppDelegate.swift; sourceTree = "<group>"; };
		164544851DC0D43A00501EB3 /* HomeViewController.swift */ = {isa = PBXFileReference; lastKnownFileType = sourcecode.swift; path = HomeViewController.swift; sourceTree = "<group>"; };
		164544881DC0D43A00501EB3 /* Base */ = {isa = PBXFileReference; lastKnownFileType = file.storyboard; name = Base; path = Base.lproj/Main.storyboard; sourceTree = "<group>"; };
		1645448A1DC0D43A00501EB3 /* Assets.xcassets */ = {isa = PBXFileReference; lastKnownFileType = folder.assetcatalog; path = Assets.xcassets; sourceTree = "<group>"; };
		1645448D1DC0D43A00501EB3 /* Base */ = {isa = PBXFileReference; lastKnownFileType = file.storyboard; name = Base; path = Base.lproj/LaunchScreen.storyboard; sourceTree = "<group>"; };
		1645448F1DC0D43A00501EB3 /* Info.plist */ = {isa = PBXFileReference; lastKnownFileType = text.plist.xml; path = Info.plist; sourceTree = "<group>"; };
		164544961DC0D4DE00501EB3 /* SYWireframe.framework */ = {isa = PBXFileReference; lastKnownFileType = wrapper.framework; name = SYWireframe.framework; path = "../../../../Library/Developer/Xcode/DerivedData/SYWireframe-gutvswsyqmwsodbohwnhfoswjpsl/Build/Products/Debug-iphonesimulator/SYWireframe.framework"; sourceTree = "<group>"; };
		168692101DC2FC8F00E4AF56 /* WireframeTransition.swift */ = {isa = PBXFileReference; fileEncoding = 4; lastKnownFileType = sourcecode.swift; path = WireframeTransition.swift; sourceTree = "<group>"; };
		1695F4801DC1FCBA0025278C /* Wireframe.swift */ = {isa = PBXFileReference; fileEncoding = 4; lastKnownFileType = sourcecode.swift; path = Wireframe.swift; sourceTree = "<group>"; };
		1695F4821DC1FD1F0025278C /* Wireframe.plist */ = {isa = PBXFileReference; fileEncoding = 4; lastKnownFileType = text.plist.xml; path = Wireframe.plist; sourceTree = "<group>"; };
		1695F4901DC206070025278C /* SellerViewController.xib */ = {isa = PBXFileReference; fileEncoding = 4; lastKnownFileType = file.xib; path = SellerViewController.xib; sourceTree = "<group>"; };
		1695F4921DC206190025278C /* SellerViewController.swift */ = {isa = PBXFileReference; fileEncoding = 4; lastKnownFileType = sourcecode.swift; path = SellerViewController.swift; sourceTree = "<group>"; };
		1695F4941DC206250025278C /* ProductViewController.swift */ = {isa = PBXFileReference; fileEncoding = 4; lastKnownFileType = sourcecode.swift; path = ProductViewController.swift; sourceTree = "<group>"; };
/* End PBXFileReference section */

/* Begin PBXFrameworksBuildPhase section */
		1645447D1DC0D43A00501EB3 /* Frameworks */ = {
			isa = PBXFrameworksBuildPhase;
			buildActionMask = 2147483647;
			files = (
				164544971DC0D4DE00501EB3 /* SYWireframe.framework in Frameworks */,
			);
			runOnlyForDeploymentPostprocessing = 0;
		};
/* End PBXFrameworksBuildPhase section */

/* Begin PBXGroup section */
		164544771DC0D43A00501EB3 = {
			isa = PBXGroup;
			children = (
				164544821DC0D43A00501EB3 /* Example-iOS */,
				164544811DC0D43A00501EB3 /* Products */,
				164544951DC0D4DE00501EB3 /* Frameworks */,
			);
			sourceTree = "<group>";
		};
		164544811DC0D43A00501EB3 /* Products */ = {
			isa = PBXGroup;
			children = (
				164544801DC0D43A00501EB3 /* Example-iOS.app */,
			);
			name = Products;
			sourceTree = "<group>";
		};
		164544821DC0D43A00501EB3 /* Example-iOS */ = {
			isa = PBXGroup;
			children = (
				1695F4821DC1FD1F0025278C /* Wireframe.plist */,
				1695F4801DC1FCBA0025278C /* Wireframe.swift */,
				168692101DC2FC8F00E4AF56 /* WireframeTransition.swift */,
				164544831DC0D43A00501EB3 /* AppDelegate.swift */,
				164544851DC0D43A00501EB3 /* HomeViewController.swift */,
				164544871DC0D43A00501EB3 /* Main.storyboard */,
				1695F4921DC206190025278C /* SellerViewController.swift */,
				1695F4901DC206070025278C /* SellerViewController.xib */,
				1695F4941DC206250025278C /* ProductViewController.swift */,
				1645448A1DC0D43A00501EB3 /* Assets.xcassets */,
				1645448C1DC0D43A00501EB3 /* LaunchScreen.storyboard */,
				1645448F1DC0D43A00501EB3 /* Info.plist */,
			);
			path = "Example-iOS";
			sourceTree = "<group>";
		};
		164544951DC0D4DE00501EB3 /* Frameworks */ = {
			isa = PBXGroup;
			children = (
				164544961DC0D4DE00501EB3 /* SYWireframe.framework */,
			);
			name = Frameworks;
			sourceTree = "<group>";
		};
/* End PBXGroup section */

/* Begin PBXNativeTarget section */
		1645447F1DC0D43A00501EB3 /* Example-iOS */ = {
			isa = PBXNativeTarget;
			buildConfigurationList = 164544921DC0D43A00501EB3 /* Build configuration list for PBXNativeTarget "Example-iOS" */;
			buildPhases = (
				1645447C1DC0D43A00501EB3 /* Sources */,
				1645447D1DC0D43A00501EB3 /* Frameworks */,
				1645447E1DC0D43A00501EB3 /* Resources */,
			);
			buildRules = (
			);
			dependencies = (
			);
			name = "Example-iOS";
			productName = "Example-iOS";
			productReference = 164544801DC0D43A00501EB3 /* Example-iOS.app */;
			productType = "com.apple.product-type.application";
		};
/* End PBXNativeTarget section */

/* Begin PBXProject section */
		164544781DC0D43A00501EB3 /* Project object */ = {
			isa = PBXProject;
			attributes = {
				LastSwiftUpdateCheck = 0800;
				LastUpgradeCheck = 0800;
				ORGANIZATIONNAME = SherlockYao;
				TargetAttributes = {
					1645447F1DC0D43A00501EB3 = {
						CreatedOnToolsVersion = 8.0;
						ProvisioningStyle = Automatic;
					};
				};
			};
			buildConfigurationList = 1645447B1DC0D43A00501EB3 /* Build configuration list for PBXProject "Example-iOS" */;
			compatibilityVersion = "Xcode 3.2";
			developmentRegion = English;
			hasScannedForEncodings = 0;
			knownRegions = (
				en,
				Base,
			);
			mainGroup = 164544771DC0D43A00501EB3;
			productRefGroup = 164544811DC0D43A00501EB3 /* Products */;
			projectDirPath = "";
			projectRoot = "";
			targets = (
				1645447F1DC0D43A00501EB3 /* Example-iOS */,
			);
		};
/* End PBXProject section */

/* Begin PBXResourcesBuildPhase section */
		1645447E1DC0D43A00501EB3 /* Resources */ = {
			isa = PBXResourcesBuildPhase;
			buildActionMask = 2147483647;
			files = (
				1645448E1DC0D43A00501EB3 /* LaunchScreen.storyboard in Resources */,
				1695F4911DC206070025278C /* SellerViewController.xib in Resources */,
				1645448B1DC0D43A00501EB3 /* Assets.xcassets in Resources */,
				164544891DC0D43A00501EB3 /* Main.storyboard in Resources */,
				1695F4831DC1FD1F0025278C /* Wireframe.plist in Resources */,
			);
			runOnlyForDeploymentPostprocessing = 0;
		};
/* End PBXResourcesBuildPhase section */

/* Begin PBXSourcesBuildPhase section */
		1645447C1DC0D43A00501EB3 /* Sources */ = {
			isa = PBXSourcesBuildPhase;
			buildActionMask = 2147483647;
			files = (
				164544861DC0D43A00501EB3 /* HomeViewController.swift in Sources */,
				168692111DC2FC8F00E4AF56 /* WireframeTransition.swift in Sources */,
				164544841DC0D43A00501EB3 /* AppDelegate.swift in Sources */,
				1695F4811DC1FCBA0025278C /* Wireframe.swift in Sources */,
				1695F4951DC206250025278C /* ProductViewController.swift in Sources */,
				1695F4931DC206190025278C /* SellerViewController.swift in Sources */,
			);
			runOnlyForDeploymentPostprocessing = 0;
		};
/* End PBXSourcesBuildPhase section */

/* Begin PBXVariantGroup section */
		164544871DC0D43A00501EB3 /* Main.storyboard */ = {
			isa = PBXVariantGroup;
			children = (
				164544881DC0D43A00501EB3 /* Base */,
			);
			name = Main.storyboard;
			sourceTree = "<group>";
		};
		1645448C1DC0D43A00501EB3 /* LaunchScreen.storyboard */ = {
			isa = PBXVariantGroup;
			children = (
				1645448D1DC0D43A00501EB3 /* Base */,
			);
			name = LaunchScreen.storyboard;
			sourceTree = "<group>";
		};
/* End PBXVariantGroup section */

/* Begin XCBuildConfiguration section */
		164544901DC0D43A00501EB3 /* Debug */ = {
			isa = XCBuildConfiguration;
			buildSettings = {
				ALWAYS_SEARCH_USER_PATHS = NO;
				CLANG_ANALYZER_NONNULL = YES;
				CLANG_CXX_LANGUAGE_STANDARD = "gnu++0x";
				CLANG_CXX_LIBRARY = "libc++";
				CLANG_ENABLE_MODULES = YES;
				CLANG_ENABLE_OBJC_ARC = YES;
				CLANG_WARN_BOOL_CONVERSION = YES;
				CLANG_WARN_CONSTANT_CONVERSION = YES;
				CLANG_WARN_DIRECT_OBJC_ISA_USAGE = YES_ERROR;
				CLANG_WARN_DOCUMENTATION_COMMENTS = YES;
				CLANG_WARN_EMPTY_BODY = YES;
				CLANG_WARN_ENUM_CONVERSION = YES;
				CLANG_WARN_INFINITE_RECURSION = YES;
				CLANG_WARN_INT_CONVERSION = YES;
				CLANG_WARN_OBJC_ROOT_CLASS = YES_ERROR;
				CLANG_WARN_SUSPICIOUS_MOVES = YES;
				CLANG_WARN_UNREACHABLE_CODE = YES;
				CLANG_WARN__DUPLICATE_METHOD_MATCH = YES;
				"CODE_SIGN_IDENTITY[sdk=iphoneos*]" = "iPhone Developer";
				COPY_PHASE_STRIP = NO;
				DEBUG_INFORMATION_FORMAT = dwarf;
				ENABLE_STRICT_OBJC_MSGSEND = YES;
				ENABLE_TESTABILITY = YES;
				GCC_C_LANGUAGE_STANDARD = gnu99;
				GCC_DYNAMIC_NO_PIC = NO;
				GCC_NO_COMMON_BLOCKS = YES;
				GCC_OPTIMIZATION_LEVEL = 0;
				GCC_PREPROCESSOR_DEFINITIONS = (
					"DEBUG=1",
					"$(inherited)",
				);
				GCC_WARN_64_TO_32_BIT_CONVERSION = YES;
				GCC_WARN_ABOUT_RETURN_TYPE = YES_ERROR;
				GCC_WARN_UNDECLARED_SELECTOR = YES;
				GCC_WARN_UNINITIALIZED_AUTOS = YES_AGGRESSIVE;
				GCC_WARN_UNUSED_FUNCTION = YES;
				GCC_WARN_UNUSED_VARIABLE = YES;
				IPHONEOS_DEPLOYMENT_TARGET = 10.0;
				MTL_ENABLE_DEBUG_INFO = YES;
				ONLY_ACTIVE_ARCH = YES;
				SDKROOT = iphoneos;
				SWIFT_ACTIVE_COMPILATION_CONDITIONS = DEBUG;
				SWIFT_OPTIMIZATION_LEVEL = "-Onone";
			};
			name = Debug;
		};
		164544911DC0D43A00501EB3 /* Release */ = {
			isa = XCBuildConfiguration;
			buildSettings = {
				ALWAYS_SEARCH_USER_PATHS = NO;
				CLANG_ANALYZER_NONNULL = YES;
				CLANG_CXX_LANGUAGE_STANDARD = "gnu++0x";
				CLANG_CXX_LIBRARY = "libc++";
				CLANG_ENABLE_MODULES = YES;
				CLANG_ENABLE_OBJC_ARC = YES;
				CLANG_WARN_BOOL_CONVERSION = YES;
				CLANG_WARN_CONSTANT_CONVERSION = YES;
				CLANG_WARN_DIRECT_OBJC_ISA_USAGE = YES_ERROR;
				CLANG_WARN_DOCUMENTATION_COMMENTS = YES;
				CLANG_WARN_EMPTY_BODY = YES;
				CLANG_WARN_ENUM_CONVERSION = YES;
				CLANG_WARN_INFINITE_RECURSION = YES;
				CLANG_WARN_INT_CONVERSION = YES;
				CLANG_WARN_OBJC_ROOT_CLASS = YES_ERROR;
				CLANG_WARN_SUSPICIOUS_MOVES = YES;
				CLANG_WARN_UNREACHABLE_CODE = YES;
				CLANG_WARN__DUPLICATE_METHOD_MATCH = YES;
				"CODE_SIGN_IDENTITY[sdk=iphoneos*]" = "iPhone Developer";
				COPY_PHASE_STRIP = NO;
				DEBUG_INFORMATION_FORMAT = "dwarf-with-dsym";
				ENABLE_NS_ASSERTIONS = NO;
				ENABLE_STRICT_OBJC_MSGSEND = YES;
				GCC_C_LANGUAGE_STANDARD = gnu99;
				GCC_NO_COMMON_BLOCKS = YES;
				GCC_WARN_64_TO_32_BIT_CONVERSION = YES;
				GCC_WARN_ABOUT_RETURN_TYPE = YES_ERROR;
				GCC_WARN_UNDECLARED_SELECTOR = YES;
				GCC_WARN_UNINITIALIZED_AUTOS = YES_AGGRESSIVE;
				GCC_WARN_UNUSED_FUNCTION = YES;
				GCC_WARN_UNUSED_VARIABLE = YES;
				IPHONEOS_DEPLOYMENT_TARGET = 10.0;
				MTL_ENABLE_DEBUG_INFO = NO;
				SDKROOT = iphoneos;
				SWIFT_OPTIMIZATION_LEVEL = "-Owholemodule";
				VALIDATE_PRODUCT = YES;
			};
			name = Release;
		};
		164544931DC0D43A00501EB3 /* Debug */ = {
			isa = XCBuildConfiguration;
			buildSettings = {
				ASSETCATALOG_COMPILER_APPICON_NAME = AppIcon;
				INFOPLIST_FILE = "Example-iOS/Info.plist";
				LD_RUNPATH_SEARCH_PATHS = "$(inherited) @executable_path/Frameworks";
				PRODUCT_BUNDLE_IDENTIFIER = "com.sherlockyao.Example-iOS";
				PRODUCT_NAME = "$(TARGET_NAME)";
				SWIFT_VERSION = 3.0;
			};
			name = Debug;
		};
		164544941DC0D43A00501EB3 /* Release */ = {
			isa = XCBuildConfiguration;
			buildSettings = {
				ASSETCATALOG_COMPILER_APPICON_NAME = AppIcon;
				INFOPLIST_FILE = "Example-iOS/Info.plist";
				LD_RUNPATH_SEARCH_PATHS = "$(inherited) @executable_path/Frameworks";
				PRODUCT_BUNDLE_IDENTIFIER = "com.sherlockyao.Example-iOS";
				PRODUCT_NAME = "$(TARGET_NAME)";
				SWIFT_VERSION = 3.0;
			};
			name = Release;
		};
/* End XCBuildConfiguration section */

/* Begin XCConfigurationList section */
		1645447B1DC0D43A00501EB3 /* Build configuration list for PBXProject "Example-iOS" */ = {
			isa = XCConfigurationList;
			buildConfigurations = (
				164544901DC0D43A00501EB3 /* Debug */,
				164544911DC0D43A00501EB3 /* Release */,
			);
			defaultConfigurationIsVisible = 0;
			defaultConfigurationName = Release;
		};
		164544921DC0D43A00501EB3 /* Build configuration list for PBXNativeTarget "Example-iOS" */ = {
			isa = XCConfigurationList;
			buildConfigurations = (
				164544931DC0D43A00501EB3 /* Debug */,
				164544941DC0D43A00501EB3 /* Release */,
			);
			defaultConfigurationIsVisible = 0;
			defaultConfigurationName = Release;
		};
/* End XCConfigurationList section */
	};
	rootObject = 164544781DC0D43A00501EB3 /* Project object */;
}
